// !$*UTF8*$!
{
	archiveVersion = 1;
	classes = {
	};
	objectVersion = 46;
	objects = {

/* Begin PBXBuildFile section */
		23881CD51B790FA4001B3CD4 /* AppDelegate.swift in Sources */ = {isa = PBXBuildFile; fileRef = 23881CD41B790FA4001B3CD4 /* AppDelegate.swift */; };
		23881CD71B790FA4001B3CD4 /* GameScene.swift in Sources */ = {isa = PBXBuildFile; fileRef = 23881CD61B790FA4001B3CD4 /* GameScene.swift */; };
		23881CD91B790FA4001B3CD4 /* GameScene.sks in Resources */ = {isa = PBXBuildFile; fileRef = 23881CD81B790FA4001B3CD4 /* GameScene.sks */; };
		23881CDB1B790FA4001B3CD4 /* Images.xcassets in Resources */ = {isa = PBXBuildFile; fileRef = 23881CDA1B790FA4001B3CD4 /* Images.xcassets */; };
		23881CDE1B790FA4001B3CD4 /* MainMenu.xib in Resources */ = {isa = PBXBuildFile; fileRef = 23881CDC1B790FA4001B3CD4 /* MainMenu.xib */; };
		23881CEA1B790FA4001B3CD4 /* TallyHoTests.swift in Sources */ = {isa = PBXBuildFile; fileRef = 23881CE91B790FA4001B3CD4 /* TallyHoTests.swift */; };
/* End PBXBuildFile section */

/* Begin PBXContainerItemProxy section */
		23881CE41B790FA4001B3CD4 /* PBXContainerItemProxy */ = {
			isa = PBXContainerItemProxy;
			containerPortal = 23881CC71B790FA4001B3CD4 /* Project object */;
			proxyType = 1;
			remoteGlobalIDString = 23881CCE1B790FA4001B3CD4;
			remoteInfo = TallyHo;
		};
/* End PBXContainerItemProxy section */

/* Begin PBXFileReference section */
		23881CCF1B790FA4001B3CD4 /* TallyHo.app */ = {isa = PBXFileReference; explicitFileType = wrapper.application; includeInIndex = 0; path = TallyHo.app; sourceTree = BUILT_PRODUCTS_DIR; };
		23881CD31B790FA4001B3CD4 /* Info.plist */ = {isa = PBXFileReference; lastKnownFileType = text.plist.xml; path = Info.plist; sourceTree = "<group>"; };
		23881CD41B790FA4001B3CD4 /* AppDelegate.swift */ = {isa = PBXFileReference; lastKnownFileType = sourcecode.swift; path = AppDelegate.swift; sourceTree = "<group>"; };
		23881CD61B790FA4001B3CD4 /* GameScene.swift */ = {isa = PBXFileReference; lastKnownFileType = sourcecode.swift; path = GameScene.swift; sourceTree = "<group>"; };
		23881CD81B790FA4001B3CD4 /* GameScene.sks */ = {isa = PBXFileReference; lastKnownFileType = file.sks; path = GameScene.sks; sourceTree = "<group>"; };
		23881CDA1B790FA4001B3CD4 /* Images.xcassets */ = {isa = PBXFileReference; lastKnownFileType = folder.assetcatalog; path = Images.xcassets; sourceTree = "<group>"; };
		23881CDD1B790FA4001B3CD4 /* Base */ = {isa = PBXFileReference; lastKnownFileType = file.xib; name = Base; path = Base.lproj/MainMenu.xib; sourceTree = "<group>"; };
		23881CE31B790FA4001B3CD4 /* TallyHoTests.xctest */ = {isa = PBXFileReference; explicitFileType = wrapper.cfbundle; includeInIndex = 0; path = TallyHoTests.xctest; sourceTree = BUILT_PRODUCTS_DIR; };
		23881CE81B790FA4001B3CD4 /* Info.plist */ = {isa = PBXFileReference; lastKnownFileType = text.plist.xml; path = Info.plist; sourceTree = "<group>"; };
		23881CE91B790FA4001B3CD4 /* TallyHoTests.swift */ = {isa = PBXFileReference; lastKnownFileType = sourcecode.swift; path = TallyHoTests.swift; sourceTree = "<group>"; };
/* End PBXFileReference section */

/* Begin PBXFrameworksBuildPhase section */
		23881CCC1B790FA4001B3CD4 /* Frameworks */ = {
			isa = PBXFrameworksBuildPhase;
			buildActionMask = 2147483647;
			files = (
			);
			runOnlyForDeploymentPostprocessing = 0;
		};
		23881CE01B790FA4001B3CD4 /* Frameworks */ = {
			isa = PBXFrameworksBuildPhase;
			buildActionMask = 2147483647;
			files = (
			);
			runOnlyForDeploymentPostprocessing = 0;
		};
/* End PBXFrameworksBuildPhase section */

/* Begin PBXGroup section */
		23881CC61B790FA4001B3CD4 = {
			isa = PBXGroup;
			children = (
				23881CD11B790FA4001B3CD4 /* TallyHo */,
				23881CE61B790FA4001B3CD4 /* TallyHoTests */,
				23881CD01B790FA4001B3CD4 /* Products */,
			);
			sourceTree = "<group>";
		};
		23881CD01B790FA4001B3CD4 /* Products */ = {
			isa = PBXGroup;
			children = (
				23881CCF1B790FA4001B3CD4 /* TallyHo.app */,
				23881CE31B790FA4001B3CD4 /* TallyHoTests.xctest */,
			);
			name = Products;
			sourceTree = "<group>";
		};
		23881CD11B790FA4001B3CD4 /* TallyHo */ = {
			isa = PBXGroup;
			children = (
				23881CD41B790FA4001B3CD4 /* AppDelegate.swift */,
				23881CD61B790FA4001B3CD4 /* GameScene.swift */,
				23881CD81B790FA4001B3CD4 /* GameScene.sks */,
				23881CDA1B790FA4001B3CD4 /* Images.xcassets */,
				23881CDC1B790FA4001B3CD4 /* MainMenu.xib */,
				23881CD21B790FA4001B3CD4 /* Supporting Files */,
			);
			path = TallyHo;
			sourceTree = "<group>";
		};
		23881CD21B790FA4001B3CD4 /* Supporting Files */ = {
			isa = PBXGroup;
			children = (
				23881CD31B790FA4001B3CD4 /* Info.plist */,
			);
			name = "Supporting Files";
			sourceTree = "<group>";
		};
		23881CE61B790FA4001B3CD4 /* TallyHoTests */ = {
			isa = PBXGroup;
			children = (
				23881CE91B790FA4001B3CD4 /* TallyHoTests.swift */,
				23881CE71B790FA4001B3CD4 /* Supporting Files */,
			);
			path = TallyHoTests;
			sourceTree = "<group>";
		};
		23881CE71B790FA4001B3CD4 /* Supporting Files */ = {
			isa = PBXGroup;
			children = (
				23881CE81B790FA4001B3CD4 /* Info.plist */,
			);
			name = "Supporting Files";
			sourceTree = "<group>";
		};
/* End PBXGroup section */

/* Begin PBXNativeTarget section */
		23881CCE1B790FA4001B3CD4 /* TallyHo */ = {
			isa = PBXNativeTarget;
			buildConfigurationList = 23881CED1B790FA4001B3CD4 /* Build configuration list for PBXNativeTarget "TallyHo" */;
			buildPhases = (
				23881CCB1B790FA4001B3CD4 /* Sources */,
				23881CCC1B790FA4001B3CD4 /* Frameworks */,
				23881CCD1B790FA4001B3CD4 /* Resources */,
			);
			buildRules = (
			);
			dependencies = (
			);
			name = TallyHo;
			productName = TallyHo;
			productReference = 23881CCF1B790FA4001B3CD4 /* TallyHo.app */;
			productType = "com.apple.product-type.application";
		};
		23881CE21B790FA4001B3CD4 /* TallyHoTests */ = {
			isa = PBXNativeTarget;
			buildConfigurationList = 23881CF01B790FA4001B3CD4 /* Build configuration list for PBXNativeTarget "TallyHoTests" */;
			buildPhases = (
				23881CDF1B790FA4001B3CD4 /* Sources */,
				23881CE01B790FA4001B3CD4 /* Frameworks */,
				23881CE11B790FA4001B3CD4 /* Resources */,
			);
			buildRules = (
			);
			dependencies = (
				23881CE51B790FA4001B3CD4 /* PBXTargetDependency */,
			);
			name = TallyHoTests;
			productName = TallyHoTests;
			productReference = 23881CE31B790FA4001B3CD4 /* TallyHoTests.xctest */;
			productType = "com.apple.product-type.bundle.unit-test";
		};
/* End PBXNativeTarget section */

/* Begin PBXProject section */
		23881CC71B790FA4001B3CD4 /* Project object */ = {
			isa = PBXProject;
			attributes = {
				LastUpgradeCheck = 0640;
				ORGANIZATIONNAME = "Christopher Spencer";
				TargetAttributes = {
					23881CCE1B790FA4001B3CD4 = {
						CreatedOnToolsVersion = 6.4;
					};
					23881CE21B790FA4001B3CD4 = {
						CreatedOnToolsVersion = 6.4;
						TestTargetID = 23881CCE1B790FA4001B3CD4;
					};
				};
			};
			buildConfigurationList = 23881CCA1B790FA4001B3CD4 /* Build configuration list for PBXProject "TallyHo" */;
			compatibilityVersion = "Xcode 3.2";
			developmentRegion = English;
			hasScannedForEncodings = 0;
			knownRegions = (
				en,
				Base,
			);
			mainGroup = 23881CC61B790FA4001B3CD4;
			productRefGroup = 23881CD01B790FA4001B3CD4 /* Products */;
			projectDirPath = "";
			projectRoot = "";
			targets = (
				23881CCE1B790FA4001B3CD4 /* TallyHo */,
				23881CE21B790FA4001B3CD4 /* TallyHoTests */,
			);
		};
/* End PBXProject section */

/* Begin PBXResourcesBuildPhase section */
		23881CCD1B790FA4001B3CD4 /* Resources */ = {
			isa = PBXResourcesBuildPhase;
			buildActionMask = 2147483647;
			files = (
				23881CD91B790FA4001B3CD4 /* GameScene.sks in Resources */,
				23881CDB1B790FA4001B3CD4 /* Images.xcassets in Resources */,
				23881CDE1B790FA4001B3CD4 /* MainMenu.xib in Resources */,
			);
			runOnlyForDeploymentPostprocessing = 0;
		};
		23881CE11B790FA4001B3CD4 /* Resources */ = {
			isa = PBXResourcesBuildPhase;
			buildActionMask = 2147483647;
			files = (
			);
			runOnlyForDeploymentPostprocessing = 0;
		};
/* End PBXResourcesBuildPhase section */

/* Begin PBXSourcesBuildPhase section */
		23881CCB1B790FA4001B3CD4 /* Sources */ = {
			isa = PBXSourcesBuildPhase;
			buildActionMask = 2147483647;
			files = (
				23881CD71B790FA4001B3CD4 /* GameScene.swift in Sources */,
				23881CD51B790FA4001B3CD4 /* AppDelegate.swift in Sources */,
			);
			runOnlyForDeploymentPostprocessing = 0;
		};
		23881CDF1B790FA4001B3CD4 /* Sources */ = {
			isa = PBXSourcesBuildPhase;
			buildActionMask = 2147483647;
			files = (
				23881CEA1B790FA4001B3CD4 /* TallyHoTests.swift in Sources */,
			);
			runOnlyForDeploymentPostprocessing = 0;
		};
/* End PBXSourcesBuildPhase section */

/* Begin PBXTargetDependency section */
		23881CE51B790FA4001B3CD4 /* PBXTargetDependency */ = {
			isa = PBXTargetDependency;
			target = 23881CCE1B790FA4001B3CD4 /* TallyHo */;
			targetProxy = 23881CE41B790FA4001B3CD4 /* PBXContainerItemProxy */;
		};
/* End PBXTargetDependency section */

/* Begin PBXVariantGroup section */
		23881CDC1B790FA4001B3CD4 /* MainMenu.xib */ = {
			isa = PBXVariantGroup;
			children = (
				23881CDD1B790FA4001B3CD4 /* Base */,
			);
			name = MainMenu.xib;
			sourceTree = "<group>";
		};
/* End PBXVariantGroup section */

/* Begin XCBuildConfiguration section */
		23881CEB1B790FA4001B3CD4 /* Debug */ = {
			isa = XCBuildConfiguration;
			buildSettings = {
				ALWAYS_SEARCH_USER_PATHS = NO;
				CLANG_CXX_LANGUAGE_STANDARD = "gnu++0x";
				CLANG_CXX_LIBRARY = "libc++";
				CLANG_ENABLE_MODULES = YES;
				CLANG_ENABLE_OBJC_ARC = YES;
				CLANG_WARN_BOOL_CONVERSION = YES;
				CLANG_WARN_CONSTANT_CONVERSION = YES;
				CLANG_WARN_DIRECT_OBJC_ISA_USAGE = YES_ERROR;
				CLANG_WARN_EMPTY_BODY = YES;
				CLANG_WARN_ENUM_CONVERSION = YES;
				CLANG_WARN_INT_CONVERSION = YES;
				CLANG_WARN_OBJC_ROOT_CLASS = YES_ERROR;
				CLANG_WARN_UNREACHABLE_CODE = YES;
				CLANG_WARN__DUPLICATE_METHOD_MATCH = YES;
				CODE_SIGN_IDENTITY = "-";
				COPY_PHASE_STRIP = NO;
				DEBUG_INFORMATION_FORMAT = dwarf;
				ENABLE_STRICT_OBJC_MSGSEND = YES;
				GCC_C_LANGUAGE_STANDARD = gnu99;
				GCC_DYNAMIC_NO_PIC = NO;
				GCC_NO_COMMON_BLOCKS = YES;
				GCC_OPTIMIZATION_LEVEL = 0;
				GCC_PREPROCESSOR_DEFINITIONS = (
					"DEBUG=1",
					"$(inherited)",
				);
				GCC_SYMBOLS_PRIVATE_EXTERN = NO;
				GCC_WARN_64_TO_32_BIT_CONVERSION = YES;
				GCC_WARN_ABOUT_RETURN_TYPE = YES_ERROR;
				GCC_WARN_UNDECLARED_SELECTOR = YES;
				GCC_WARN_UNINITIALIZED_AUTOS = YES_AGGRESSIVE;
				GCC_WARN_UNUSED_FUNCTION = YES;
				GCC_WARN_UNUSED_VARIABLE = YES;
				MACOSX_DEPLOYMENT_TARGET = 10.10;
				MTL_ENABLE_DEBUG_INFO = YES;
				ONLY_ACTIVE_ARCH = YES;
				SDKROOT = macosx;
				SWIFT_OPTIMIZATION_LEVEL = "-Onone";
			};
			name = Debug;
		};
		23881CEC1B790FA4001B3CD4 /* Release */ = {
			isa = XCBuildConfiguration;
			buildSettings = {
				ALWAYS_SEARCH_USER_PATHS = NO;
				CLANG_CXX_LANGUAGE_STANDARD = "gnu++0x";
				CLANG_CXX_LIBRARY = "libc++";
				CLANG_ENABLE_MODULES = YES;
				CLANG_ENABLE_OBJC_ARC = YES;
				CLANG_WARN_BOOL_CONVERSION = YES;
				CLANG_WARN_CONSTANT_CONVERSION = YES;
				CLANG_WARN_DIRECT_OBJC_ISA_USAGE = YES_ERROR;
				CLANG_WARN_EMPTY_BODY = YES;
				CLANG_WARN_ENUM_CONVERSION = YES;
				CLANG_WARN_INT_CONVERSION = YES;
				CLANG_WARN_OBJC_ROOT_CLASS = YES_ERROR;
				CLANG_WARN_UNREACHABLE_CODE = YES;
				CLANG_WARN__DUPLICATE_METHOD_MATCH = YES;
				CODE_SIGN_IDENTITY = "-";
				COPY_PHASE_STRIP = NO;
				DEBUG_INFORMATION_FORMAT = "dwarf-with-dsym";
				ENABLE_NS_ASSERTIONS = NO;
				ENABLE_STRICT_OBJC_MSGSEND = YES;
				GCC_C_LANGUAGE_STANDARD = gnu99;
				GCC_NO_COMMON_BLOCKS = YES;
				GCC_WARN_64_TO_32_BIT_CONVERSION = YES;
				GCC_WARN_ABOUT_RETURN_TYPE = YES_ERROR;
				GCC_WARN_UNDECLARED_SELECTOR = YES;
				GCC_WARN_UNINITIALIZED_AUTOS = YES_AGGRESSIVE;
				GCC_WARN_UNUSED_FUNCTION = YES;
				GCC_WARN_UNUSED_VARIABLE = YES;
				MACOSX_DEPLOYMENT_TARGET = 10.10;
				MTL_ENABLE_DEBUG_INFO = NO;
				SDKROOT = macosx;
			};
			name = Release;
		};
		23881CEE1B790FA4001B3CD4 /* Debug */ = {
			isa = XCBuildConfiguration;
			buildSettings = {
				ASSETCATALOG_COMPILER_APPICON_NAME = AppIcon;
				COMBINE_HIDPI_IMAGES = YES;
				INFOPLIST_FILE = TallyHo/Info.plist;
				LD_RUNPATH_SEARCH_PATHS = "$(inherited) @executable_path/../Frameworks";
				PRODUCT_NAME = "$(TARGET_NAME)";
			};
			name = Debug;
		};
		23881CEF1B790FA4001B3CD4 /* Release */ = {
			isa = XCBuildConfiguration;
			buildSettings = {
				ASSETCATALOG_COMPILER_APPICON_NAME = AppIcon;
				COMBINE_HIDPI_IMAGES = YES;
				INFOPLIST_FILE = TallyHo/Info.plist;
				LD_RUNPATH_SEARCH_PATHS = "$(inherited) @executable_path/../Frameworks";
				PRODUCT_NAME = "$(TARGET_NAME)";
			};
			name = Release;
		};
		23881CF11B790FA4001B3CD4 /* Debug */ = {
			isa = XCBuildConfiguration;
			buildSettings = {
				BUNDLE_LOADER = "$(TEST_HOST)";
				COMBINE_HIDPI_IMAGES = YES;
				FRAMEWORK_SEARCH_PATHS = (
					"$(DEVELOPER_FRAMEWORKS_DIR)",
					"$(inherited)",
				);
				GCC_PREPROCESSOR_DEFINITIONS = (
					"DEBUG=1",
					"$(inherited)",
				);
				INFOPLIST_FILE = TallyHoTests/Info.plist;
				LD_RUNPATH_SEARCH_PATHS = "$(inherited) @executable_path/../Frameworks @loader_path/../Frameworks";
				PRODUCT_NAME = "$(TARGET_NAME)";
				TEST_HOST = "$(BUILT_PRODUCTS_DIR)/TallyHo.app/Contents/MacOS/TallyHo";
			};
			name = Debug;
		};
		23881CF21B790FA4001B3CD4 /* Release */ = {
			isa = XCBuildConfiguration;
			buildSettings = {
				BUNDLE_LOADER = "$(TEST_HOST)";
				COMBINE_HIDPI_IMAGES = YES;
				FRAMEWORK_SEARCH_PATHS = (
					"$(DEVELOPER_FRAMEWORKS_DIR)",
					"$(inherited)",
				);
				INFOPLIST_FILE = TallyHoTests/Info.plist;
				LD_RUNPATH_SEARCH_PATHS = "$(inherited) @executable_path/../Frameworks @loader_path/../Frameworks";
				PRODUCT_NAME = "$(TARGET_NAME)";
				TEST_HOST = "$(BUILT_PRODUCTS_DIR)/TallyHo.app/Contents/MacOS/TallyHo";
			};
			name = Release;
		};
/* End XCBuildConfiguration section */

/* Begin XCConfigurationList section */
		23881CCA1B790FA4001B3CD4 /* Build configuration list for PBXProject "TallyHo" */ = {
			isa = XCConfigurationList;
			buildConfigurations = (
				23881CEB1B790FA4001B3CD4 /* Debug */,
				23881CEC1B790FA4001B3CD4 /* Release */,
			);
			defaultConfigurationIsVisible = 0;
			defaultConfigurationName = Release;
		};
		23881CED1B790FA4001B3CD4 /* Build configuration list for PBXNativeTarget "TallyHo" */ = {
			isa = XCConfigurationList;
			buildConfigurations = (
				23881CEE1B790FA4001B3CD4 /* Debug */,
				23881CEF1B790FA4001B3CD4 /* Release */,
			);
			defaultConfigurationIsVisible = 0;
		};
		23881CF01B790FA4001B3CD4 /* Build configuration list for PBXNativeTarget "TallyHoTests" */ = {
			isa = XCConfigurationList;
			buildConfigurations = (
				23881CF11B790FA4001B3CD4 /* Debug */,
				23881CF21B790FA4001B3CD4 /* Release */,
			);
			defaultConfigurationIsVisible = 0;
		};
/* End XCConfigurationList section */
	};
	rootObject = 23881CC71B790FA4001B3CD4 /* Project object */;
}
